
Microsoft Visual Studio Solution File, Format Version 12.00
# Visual Studio Version 17
VisualStudioVersion = 17.10.35027.167
MinimumVisualStudioVersion = 10.0.40219.1
Project("{FAE04EC0-301F-11D3-BF4B-00C04F79EFBC}") = "FortunaPickWPF", "FortunaPickWPF\FortunaPickWPF.csproj", "{75B4EE12-DA7A-430C-A19D-D2A991EADFDA}"
EndProject
Global
	GlobalSection(SolutionConfigurationPlatforms) = preSolution
		Debug|Any CPU = Debug|Any CPU
		Release|Any CPU = Release|Any CPU
	EndGlobalSection
	GlobalSection(ProjectConfigurationPlatforms) = postSolution
		{75B4EE12-DA7A-430C-A19D-D2A991EADFDA}.Debug|Any CPU.ActiveCfg = Debug|Any CPU
		{75B4EE12-DA7A-430C-A19D-D2A991EADFDA}.Debug|Any CPU.Build.0 = Debug|Any CPU
		{75B4EE12-DA7A-430C-A19D-D2A991EADFDA}.Release|Any CPU.ActiveCfg = Release|Any CPU
		{75B4EE12-DA7A-430C-A19D-D2A991EADFDA}.Release|Any CPU.Build.0 = Release|Any CPU
	EndGlobalSection
	GlobalSection(SolutionProperties) = preSolution
		HideSolutionNode = FALSE
	EndGlobalSection
	GlobalSection(ExtensibilityGlobals) = postSolution
		SolutionGuid = {BB2C8969-FD27-4700-A82A-3EDA63483280}
	EndGlobalSection
EndGlobal
